dependencies:
  espressif/esp_new_jpeg:
    component_hash: e1e7e6991193c41ed6c9fc386702aa7821433319e7aa9c3147cd3236310cd69c
    dependencies: []
    source:
      registry_url: https://components.espressif.com/
      type: service
    targets:
    - esp32
    - esp32s2
    - esp32s3
    - esp32s31
    - esp32p4
    - esp32c2
    - esp32c3
    - esp32c5
    - esp32c6
    - esp32c61
    - esp32h4
    version: 1.0.2
  idf:
    source:
      type: idf
    version: 5.4.1
direct_dependencies:
- espressif/esp_new_jpeg
manifest_hash: 22cae91fe8081e93e8e75fc216547e2649bb00f1a953969dee6d4112e75c9a42
target: esp32s3
version: 2.0.0
